
Microsoft Visual Studio Solution File, Format Version 12.00
# Visual Studio Version 17
VisualStudioVersion = 17.2.32616.157
MinimumVisualStudioVersion = 10.0.40219.1
Project("{FAE04EC0-301F-11D3-BF4B-00C04F79EFBC}") = "csharp-query-videogiochi", "csharp-query-videogiochi.csproj", "{5305D7CF-D957-40F5-A8AF-16E9A666DAE4}"
EndProject
Global
	GlobalSection(SolutionConfigurationPlatforms) = preSolution
		Debug|Any CPU = Debug|Any CPU
		Release|Any CPU = Release|Any CPU
	EndGlobalSection
	GlobalSection(ProjectConfigurationPlatforms) = postSolution
		{5305D7CF-D957-40F5-A8AF-16E9A666DAE4}.Debug|Any CPU.ActiveCfg = Debug|Any CPU
		{5305D7CF-D957-40F5-A8AF-16E9A666DAE4}.Debug|Any CPU.Build.0 = Debug|Any CPU
		{5305D7CF-D957-40F5-A8AF-16E9A666DAE4}.Release|Any CPU.ActiveCfg = Release|Any CPU
		{5305D7CF-D957-40F5-A8AF-16E9A666DAE4}.Release|Any CPU.Build.0 = Release|Any CPU
	EndGlobalSection
	GlobalSection(SolutionProperties) = preSolution
		HideSolutionNode = FALSE
	EndGlobalSection
	GlobalSection(ExtensibilityGlobals) = postSolution
		SolutionGuid = {E5F16263-A19B-4B64-B579-7AE62B6FC4BF}
	EndGlobalSection
EndGlobal
